
Microsoft Visual Studio Solution File, Format Version 12.00
# Visual Studio Version 16
VisualStudioVersion = 16.0.29102.190
MinimumVisualStudioVersion = 10.0.40219.1
Project("{FAE04EC0-301F-11D3-BF4B-00C04F79EFBC}") = "Radministrator", "Radministrator\Radministrator.csproj", "{4DF454D5-C89B-4511-A175-E081F17CD724}"
EndProject
Global
	GlobalSection(SolutionConfigurationPlatforms) = preSolution
		Debug|Any CPU = Debug|Any CPU
		Debug|x64 = Debug|x64
		Debug|x86 = Debug|x86
		Release|Any CPU = Release|Any CPU
		Release|x64 = Release|x64
		Release|x86 = Release|x86
	EndGlobalSection
	GlobalSection(ProjectConfigurationPlatforms) = postSolution
		{4DF454D5-C89B-4511-A175-E081F17CD724}.Debug|Any CPU.ActiveCfg = Debug|Any CPU
		{4DF454D5-C89B-4511-A175-E081F17CD724}.Debug|Any CPU.Build.0 = Debug|Any CPU
		{4DF454D5-C89B-4511-A175-E081F17CD724}.Debug|x64.ActiveCfg = Debug|x64
		{4DF454D5-C89B-4511-A175-E081F17CD724}.Debug|x64.Build.0 = Debug|x64
		{4DF454D5-C89B-4511-A175-E081F17CD724}.Debug|x86.ActiveCfg = Debug|x86
		{4DF454D5-C89B-4511-A175-E081F17CD724}.Debug|x86.Build.0 = Debug|x86
		{4DF454D5-C89B-4511-A175-E081F17CD724}.Release|Any CPU.ActiveCfg = Release|Any CPU
		{4DF454D5-C89B-4511-A175-E081F17CD724}.Release|Any CPU.Build.0 = Release|Any CPU
		{4DF454D5-C89B-4511-A175-E081F17CD724}.Release|x64.ActiveCfg = Release|x64
		{4DF454D5-C89B-4511-A175-E081F17CD724}.Release|x64.Build.0 = Release|x64
		{4DF454D5-C89B-4511-A175-E081F17CD724}.Release|x86.ActiveCfg = Release|x86
		{4DF454D5-C89B-4511-A175-E081F17CD724}.Release|x86.Build.0 = Release|x86
	EndGlobalSection
	GlobalSection(SolutionProperties) = preSolution
		HideSolutionNode = FALSE
	EndGlobalSection
	GlobalSection(ExtensibilityGlobals) = postSolution
		SolutionGuid = {9A176B5A-E3C1-495A-8CAE-B498FDDAF2DE}
	EndGlobalSection
EndGlobal
